
Microsoft Visual Studio Solution File, Format Version 12.00
# Visual Studio Version 17
VisualStudioVersion = 17.8.34316.72
MinimumVisualStudioVersion = 10.0.40219.1
Project("{2150E333-8FDC-42A3-9474-1A3956D46DE8}") = "FE", "FE", "{FA9B89C9-0086-46B0-8802-354488DD1143}"
EndProject
Project("{2150E333-8FDC-42A3-9474-1A3956D46DE8}") = "Services", "Services", "{AF1BBAB8-6790-4598-9C5A-F730E7D50C34}"
EndProject
Project("{2150E333-8FDC-42A3-9474-1A3956D46DE8}") = "GW", "GW", "{C8ED34C1-CB30-42FD-B480-563956AE713F}"
EndProject
Project("{9A19103F-16F7-4668-BE54-9A1E7A4F7556}") = "Planning.Api", "Services\Planning.Service\Planning.Api.csproj", "{869A0CFA-A090-48A5-8EDD-1CADEEC11593}"
EndProject
Project("{2150E333-8FDC-42A3-9474-1A3956D46DE8}") = "Models", "Models", "{FED6B626-8AA5-4157-9C41-FBE1FA7CE36F}"
EndProject
Project("{9A19103F-16F7-4668-BE54-9A1E7A4F7556}") = "Planning.Models", "Models\Planning.Models\Planning.Models.csproj", "{6529BC98-526B-4EBA-B307-807956D23AA6}"
EndProject
Project("{9A19103F-16F7-4668-BE54-9A1E7A4F7556}") = "CatheterPosition.Api", "Services\CatheterPosition.Api\CatheterPosition.Api.csproj", "{B836E323-98F3-4DF2-A7C4-1F55A201258A}"
EndProject
Project("{9A19103F-16F7-4668-BE54-9A1E7A4F7556}") = "CatheterPosition.Models", "Models\CatheterPosition.Models\CatheterPosition.Models.csproj", "{F6F39072-E2A1-40E8-A187-130823298A00}"
EndProject
Project("{2150E333-8FDC-42A3-9474-1A3956D46DE8}") = "Sim.Services", "Sim.Services", "{C122ADDD-4E80-4826-B56F-B576FC6745C4}"
EndProject
Project("{9A19103F-16F7-4668-BE54-9A1E7A4F7556}") = "HW.Catheter", "Sim.Services\HW.Catheter\HW.Catheter.csproj", "{D6D29CFF-B4C6-4599-A8DF-6BD3D5B54763}"
EndProject
Project("{2150E333-8FDC-42A3-9474-1A3956D46DE8}") = "Infra", "Infra", "{25A59010-2E3C-4EAE-8AF9-C6593E12D399}"
EndProject
Project("{9A19103F-16F7-4668-BE54-9A1E7A4F7556}") = "MessageBus.Infra", "Infra\MessageBus.Infra\MessageBus.Infra.csproj", "{F95E8DE5-0DC3-4B0A-853B-8D230784FF42}"
EndProject
Project("{9A19103F-16F7-4668-BE54-9A1E7A4F7556}") = "Common.Config", "Infra\Common.Config\Common.Config.csproj", "{CBDFA366-EC94-4884-836F-877CB1EF5D1B}"
EndProject
Project("{9A19103F-16F7-4668-BE54-9A1E7A4F7556}") = "FE.App", "FE\FE.App\FE.App.csproj", "{8C253902-1302-4980-A55B-E539DCE685DA}"
EndProject
Project("{9A19103F-16F7-4668-BE54-9A1E7A4F7556}") = "Common.Hub", "Infra\Common.Hub\Common.Hub.csproj", "{E975E750-5028-426D-9417-5949A47C6CCB}"
EndProject
Project("{9A19103F-16F7-4668-BE54-9A1E7A4F7556}") = "API.GW", "GW\API.GW\API.GW.csproj", "{B743A619-06CF-413B-8C3C-31F6E81F4EB1}"
EndProject
Global
	GlobalSection(SolutionConfigurationPlatforms) = preSolution
		Debug|Any CPU = Debug|Any CPU
		Release|Any CPU = Release|Any CPU
	EndGlobalSection
	GlobalSection(ProjectConfigurationPlatforms) = postSolution
		{869A0CFA-A090-48A5-8EDD-1CADEEC11593}.Debug|Any CPU.ActiveCfg = Debug|Any CPU
		{869A0CFA-A090-48A5-8EDD-1CADEEC11593}.Debug|Any CPU.Build.0 = Debug|Any CPU
		{869A0CFA-A090-48A5-8EDD-1CADEEC11593}.Release|Any CPU.ActiveCfg = Release|Any CPU
		{869A0CFA-A090-48A5-8EDD-1CADEEC11593}.Release|Any CPU.Build.0 = Release|Any CPU
		{6529BC98-526B-4EBA-B307-807956D23AA6}.Debug|Any CPU.ActiveCfg = Debug|Any CPU
		{6529BC98-526B-4EBA-B307-807956D23AA6}.Debug|Any CPU.Build.0 = Debug|Any CPU
		{6529BC98-526B-4EBA-B307-807956D23AA6}.Release|Any CPU.ActiveCfg = Release|Any CPU
		{6529BC98-526B-4EBA-B307-807956D23AA6}.Release|Any CPU.Build.0 = Release|Any CPU
		{B836E323-98F3-4DF2-A7C4-1F55A201258A}.Debug|Any CPU.ActiveCfg = Debug|Any CPU
		{B836E323-98F3-4DF2-A7C4-1F55A201258A}.Debug|Any CPU.Build.0 = Debug|Any CPU
		{B836E323-98F3-4DF2-A7C4-1F55A201258A}.Release|Any CPU.ActiveCfg = Release|Any CPU
		{B836E323-98F3-4DF2-A7C4-1F55A201258A}.Release|Any CPU.Build.0 = Release|Any CPU
		{F6F39072-E2A1-40E8-A187-130823298A00}.Debug|Any CPU.ActiveCfg = Debug|Any CPU
		{F6F39072-E2A1-40E8-A187-130823298A00}.Debug|Any CPU.Build.0 = Debug|Any CPU
		{F6F39072-E2A1-40E8-A187-130823298A00}.Release|Any CPU.ActiveCfg = Release|Any CPU
		{F6F39072-E2A1-40E8-A187-130823298A00}.Release|Any CPU.Build.0 = Release|Any CPU
		{D6D29CFF-B4C6-4599-A8DF-6BD3D5B54763}.Debug|Any CPU.ActiveCfg = Debug|Any CPU
		{D6D29CFF-B4C6-4599-A8DF-6BD3D5B54763}.Debug|Any CPU.Build.0 = Debug|Any CPU
		{D6D29CFF-B4C6-4599-A8DF-6BD3D5B54763}.Release|Any CPU.ActiveCfg = Release|Any CPU
		{D6D29CFF-B4C6-4599-A8DF-6BD3D5B54763}.Release|Any CPU.Build.0 = Release|Any CPU
		{F95E8DE5-0DC3-4B0A-853B-8D230784FF42}.Debug|Any CPU.ActiveCfg = Debug|Any CPU
		{F95E8DE5-0DC3-4B0A-853B-8D230784FF42}.Debug|Any CPU.Build.0 = Debug|Any CPU
		{F95E8DE5-0DC3-4B0A-853B-8D230784FF42}.Release|Any CPU.ActiveCfg = Release|Any CPU
		{F95E8DE5-0DC3-4B0A-853B-8D230784FF42}.Release|Any CPU.Build.0 = Release|Any CPU
		{CBDFA366-EC94-4884-836F-877CB1EF5D1B}.Debug|Any CPU.ActiveCfg = Debug|Any CPU
		{CBDFA366-EC94-4884-836F-877CB1EF5D1B}.Debug|Any CPU.Build.0 = Debug|Any CPU
		{CBDFA366-EC94-4884-836F-877CB1EF5D1B}.Release|Any CPU.ActiveCfg = Release|Any CPU
		{CBDFA366-EC94-4884-836F-877CB1EF5D1B}.Release|Any CPU.Build.0 = Release|Any CPU
		{8C253902-1302-4980-A55B-E539DCE685DA}.Debug|Any CPU.ActiveCfg = Debug|Any CPU
		{8C253902-1302-4980-A55B-E539DCE685DA}.Debug|Any CPU.Build.0 = Debug|Any CPU
		{8C253902-1302-4980-A55B-E539DCE685DA}.Release|Any CPU.ActiveCfg = Release|Any CPU
		{8C253902-1302-4980-A55B-E539DCE685DA}.Release|Any CPU.Build.0 = Release|Any CPU
		{E975E750-5028-426D-9417-5949A47C6CCB}.Debug|Any CPU.ActiveCfg = Debug|Any CPU
		{E975E750-5028-426D-9417-5949A47C6CCB}.Debug|Any CPU.Build.0 = Debug|Any CPU
		{E975E750-5028-426D-9417-5949A47C6CCB}.Release|Any CPU.ActiveCfg = Release|Any CPU
		{E975E750-5028-426D-9417-5949A47C6CCB}.Release|Any CPU.Build.0 = Release|Any CPU
		{B743A619-06CF-413B-8C3C-31F6E81F4EB1}.Debug|Any CPU.ActiveCfg = Debug|Any CPU
		{B743A619-06CF-413B-8C3C-31F6E81F4EB1}.Debug|Any CPU.Build.0 = Debug|Any CPU
		{B743A619-06CF-413B-8C3C-31F6E81F4EB1}.Release|Any CPU.ActiveCfg = Release|Any CPU
		{B743A619-06CF-413B-8C3C-31F6E81F4EB1}.Release|Any CPU.Build.0 = Release|Any CPU
	EndGlobalSection
	GlobalSection(SolutionProperties) = preSolution
		HideSolutionNode = FALSE
	EndGlobalSection
	GlobalSection(NestedProjects) = preSolution
		{869A0CFA-A090-48A5-8EDD-1CADEEC11593} = {AF1BBAB8-6790-4598-9C5A-F730E7D50C34}
		{6529BC98-526B-4EBA-B307-807956D23AA6} = {FED6B626-8AA5-4157-9C41-FBE1FA7CE36F}
		{B836E323-98F3-4DF2-A7C4-1F55A201258A} = {AF1BBAB8-6790-4598-9C5A-F730E7D50C34}
		{F6F39072-E2A1-40E8-A187-130823298A00} = {FED6B626-8AA5-4157-9C41-FBE1FA7CE36F}
		{D6D29CFF-B4C6-4599-A8DF-6BD3D5B54763} = {C122ADDD-4E80-4826-B56F-B576FC6745C4}
		{F95E8DE5-0DC3-4B0A-853B-8D230784FF42} = {25A59010-2E3C-4EAE-8AF9-C6593E12D399}
		{CBDFA366-EC94-4884-836F-877CB1EF5D1B} = {25A59010-2E3C-4EAE-8AF9-C6593E12D399}
		{8C253902-1302-4980-A55B-E539DCE685DA} = {FA9B89C9-0086-46B0-8802-354488DD1143}
		{E975E750-5028-426D-9417-5949A47C6CCB} = {25A59010-2E3C-4EAE-8AF9-C6593E12D399}
		{B743A619-06CF-413B-8C3C-31F6E81F4EB1} = {C8ED34C1-CB30-42FD-B480-563956AE713F}
	EndGlobalSection
	GlobalSection(ExtensibilityGlobals) = postSolution
		SolutionGuid = {E6587490-EF1B-458B-9295-B73AF6607A9B}
	EndGlobalSection
EndGlobal
